#MicroXplorer Configuration settings - do not modify
BSP_IP_NAME=NUCLEO-WB55RG
CAD.formats=[]
CAD.pinconfig=Dual
CAD.provider=
Dma.I2C1_RX.3.Direction=DMA_PERIPH_TO_MEMORY
Dma.I2C1_RX.3.EventEnable=DISABLE
Dma.I2C1_RX.3.Instance=DMA1_Channel4
Dma.I2C1_RX.3.MemDataAlignment=DMA_MDATAALIGN_BYTE
Dma.I2C1_RX.3.MemInc=DMA_MINC_ENABLE
Dma.I2C1_RX.3.Mode=DMA_NORMAL
Dma.I2C1_RX.3.PeriphDataAlignment=DMA_PDATAALIGN_BYTE
Dma.I2C1_RX.3.PeriphInc=DMA_PINC_DISABLE
Dma.I2C1_RX.3.Polarity=HAL_DMAMUX_REQ_GEN_RISING
Dma.I2C1_RX.3.Priority=DMA_PRIORITY_LOW
Dma.I2C1_RX.3.RequestNumber=1
Dma.I2C1_RX.3.RequestParameters=Instance,Direction,PeriphInc,MemInc,PeriphDataAlignment,MemDataAlignment,Mode,Priority,SignalID,Polarity,RequestNumber,SyncSignalID,SyncPolarity,SyncEnable,EventEnable,SyncRequestNumber
Dma.I2C1_RX.3.SignalID=NONE
Dma.I2C1_RX.3.SyncEnable=DISABLE
Dma.I2C1_RX.3.SyncPolarity=HAL_DMAMUX_SYNC_NO_EVENT
Dma.I2C1_RX.3.SyncRequestNumber=1
Dma.I2C1_RX.3.SyncSignalID=NONE
Dma.I2C1_TX.2.Direction=DMA_MEMORY_TO_PERIPH
Dma.I2C1_TX.2.EventEnable=DISABLE
Dma.I2C1_TX.2.Instance=DMA1_Channel3
Dma.I2C1_TX.2.MemDataAlignment=DMA_MDATAALIGN_BYTE
Dma.I2C1_TX.2.MemInc=DMA_MINC_ENABLE
Dma.I2C1_TX.2.Mode=DMA_NORMAL
Dma.I2C1_TX.2.PeriphDataAlignment=DMA_PDATAALIGN_BYTE
Dma.I2C1_TX.2.PeriphInc=DMA_PINC_DISABLE
Dma.I2C1_TX.2.Polarity=HAL_DMAMUX_REQ_GEN_RISING
Dma.I2C1_TX.2.Priority=DMA_PRIORITY_LOW
Dma.I2C1_TX.2.RequestNumber=1
Dma.I2C1_TX.2.RequestParameters=Instance,Direction,PeriphInc,MemInc,PeriphDataAlignment,MemDataAlignment,Mode,Priority,SignalID,Polarity,RequestNumber,SyncSignalID,SyncPolarity,SyncEnable,EventEnable,SyncRequestNumber
Dma.I2C1_TX.2.SignalID=NONE
Dma.I2C1_TX.2.SyncEnable=DISABLE
Dma.I2C1_TX.2.SyncPolarity=HAL_DMAMUX_SYNC_NO_EVENT
Dma.I2C1_TX.2.SyncRequestNumber=1
Dma.I2C1_TX.2.SyncSignalID=NONE
Dma.Request0=USART1_RX
Dma.Request1=USART1_TX
Dma.Request2=I2C1_TX
Dma.Request3=I2C1_RX
Dma.RequestsNb=4
Dma.USART1_RX.0.Direction=DMA_PERIPH_TO_MEMORY
Dma.USART1_RX.0.EventEnable=DISABLE
Dma.USART1_RX.0.Instance=DMA1_Channel1
Dma.USART1_RX.0.MemDataAlignment=DMA_MDATAALIGN_BYTE
Dma.USART1_RX.0.MemInc=DMA_MINC_ENABLE
Dma.USART1_RX.0.Mode=DMA_NORMAL
Dma.USART1_RX.0.PeriphDataAlignment=DMA_PDATAALIGN_BYTE
Dma.USART1_RX.0.PeriphInc=DMA_PINC_DISABLE
Dma.USART1_RX.0.Polarity=HAL_DMAMUX_REQ_GEN_RISING
Dma.USART1_RX.0.Priority=DMA_PRIORITY_LOW
Dma.USART1_RX.0.RequestNumber=1
Dma.USART1_RX.0.RequestParameters=Instance,Direction,PeriphInc,MemInc,PeriphDataAlignment,MemDataAlignment,Mode,Priority,SignalID,Polarity,RequestNumber,SyncSignalID,SyncPolarity,SyncEnable,EventEnable,SyncRequestNumber
Dma.USART1_RX.0.SignalID=NONE
Dma.USART1_RX.0.SyncEnable=DISABLE
Dma.USART1_RX.0.SyncPolarity=HAL_DMAMUX_SYNC_NO_EVENT
Dma.USART1_RX.0.SyncRequestNumber=1
Dma.USART1_RX.0.SyncSignalID=NONE
Dma.USART1_TX.1.Direction=DMA_MEMORY_TO_PERIPH
Dma.USART1_TX.1.EventEnable=DISABLE
Dma.USART1_TX.1.Instance=DMA1_Channel2
Dma.USART1_TX.1.MemDataAlignment=DMA_MDATAALIGN_BYTE
Dma.USART1_TX.1.MemInc=DMA_MINC_ENABLE
Dma.USART1_TX.1.Mode=DMA_NORMAL
Dma.USART1_TX.1.PeriphDataAlignment=DMA_PDATAALIGN_BYTE
Dma.USART1_TX.1.PeriphInc=DMA_PINC_DISABLE
Dma.USART1_TX.1.Polarity=HAL_DMAMUX_REQ_GEN_RISING
Dma.USART1_TX.1.Priority=DMA_PRIORITY_LOW
Dma.USART1_TX.1.RequestNumber=1
Dma.USART1_TX.1.RequestParameters=Instance,Direction,PeriphInc,MemInc,PeriphDataAlignment,MemDataAlignment,Mode,Priority,SignalID,Polarity,RequestNumber,SyncSignalID,SyncPolarity,SyncEnable,EventEnable,SyncRequestNumber
Dma.USART1_TX.1.SignalID=NONE
Dma.USART1_TX.1.SyncEnable=DISABLE
Dma.USART1_TX.1.SyncPolarity=HAL_DMAMUX_SYNC_NO_EVENT
Dma.USART1_TX.1.SyncRequestNumber=1
Dma.USART1_TX.1.SyncSignalID=NONE
File.Version=6
GPIO.groupedBy=Group By Peripherals
I2C1.I2C_Fall_Time=0
I2C1.I2C_Rise_Time=0
I2C1.IPParameters=Timing,I2C_Rise_Time,I2C_Fall_Time
I2C1.Timing=0x00707CBB
KeepUserPlacement=false
MMTAppReg1.MEMORYMAP.AppRegionName=RAM
MMTAppReg1.MEMORYMAP.ContextName=Cortex-M4NS
MMTAppReg1.MEMORYMAP.CoreName=ARM Cortex-M4
MMTAppReg1.MEMORYMAP.DefaultDataRegion=true
MMTAppReg1.MEMORYMAP.IPParameters=StartAddress,Size,CoreName,DefaultDataRegion,ContextName,Name
MMTAppReg1.MEMORYMAP.Name=RAM
MMTAppReg1.MEMORYMAP.Size=195584
MMTAppReg1.MEMORYMAP.StartAddress=0x20000008
MMTAppReg2.MEMORYMAP.AppRegionName=FLASH
MMTAppReg2.MEMORYMAP.ContextName=Cortex-M4NS
MMTAppReg2.MEMORYMAP.CoreName=ARM Cortex-M4
MMTAppReg2.MEMORYMAP.DefaultCodeRegion=true
MMTAppReg2.MEMORYMAP.DefaultDataRegion=false
MMTAppReg2.MEMORYMAP.IPParameters=StartAddress,Size,CoreName,DefaultDataRegion,MemType,ContextName,Name,DefaultCodeRegion
MMTAppReg2.MEMORYMAP.MemType=ROM
MMTAppReg2.MEMORYMAP.Name=FLASH
MMTAppReg2.MEMORYMAP.Size=524288
MMTAppReg2.MEMORYMAP.StartAddress=0x08000000
MMTAppReg3.MEMORYMAP.AppRegionName=RAM_SHARED
MMTAppReg3.MEMORYMAP.ContextName=Cortex-M4NS
MMTAppReg3.MEMORYMAP.CoreName=ARM Cortex-M4
MMTAppReg3.MEMORYMAP.DefaultDataRegion=true
MMTAppReg3.MEMORYMAP.IPParameters=StartAddress,Size,CoreName,DefaultDataRegion,ContextName,Name
MMTAppReg3.MEMORYMAP.Name=RAM_SHARED
MMTAppReg3.MEMORYMAP.Size=9216
MMTAppReg3.MEMORYMAP.StartAddress=0x20030000
MMTAppReg4.MEMORYMAP.AppRegionName=RAM_SHARED Reserved Alias Region
MMTAppReg4.MEMORYMAP.CoreName=ARM Cortex-M4
MMTAppReg4.MEMORYMAP.DefaultDataRegion=false
MMTAppReg4.MEMORYMAP.IPParameters=StartAddress,Size,CoreName,DefaultDataRegion,ReservedRegion,Name
MMTAppReg4.MEMORYMAP.Name=RAM_SHARED Reserved Alias Region
MMTAppReg4.MEMORYMAP.ReservedRegion=true
MMTAppReg4.MEMORYMAP.Size=9216
MMTAppReg4.MEMORYMAP.StartAddress=0x10000000
MMTAppRegionsCount=4
MMTConfigApplied=false
Mcu.CPN=STM32WB55RGV6
Mcu.Family=STM32WB
Mcu.IP0=DMA
Mcu.IP1=HSEM
Mcu.IP10=STM32_WPAN
Mcu.IP11=SYS
Mcu.IP12=TIM2
Mcu.IP13=TIM16
Mcu.IP14=TINY_LPM
Mcu.IP15=USART1
Mcu.IP16=NUCLEO-WB55RG
Mcu.IP2=I2C1
Mcu.IP3=IPCC
Mcu.IP4=MEMORYMAP
Mcu.IP5=NVIC
Mcu.IP6=RCC
Mcu.IP7=RF
Mcu.IP8=RTC
Mcu.IP9=SEQUENCER
Mcu.IPNb=17
Mcu.Name=STM32WB55RGVx
Mcu.Package=VFQFPN68
Mcu.Pin0=PC14-OSC32_IN
Mcu.Pin1=PC15-OSC32_OUT
Mcu.Pin10=OSC_OUT
Mcu.Pin11=OSC_IN
Mcu.Pin12=PB1
Mcu.Pin13=PB13
Mcu.Pin14=PB14
Mcu.Pin15=PB15
Mcu.Pin16=PD0
Mcu.Pin17=PD1
Mcu.Pin18=PB5
Mcu.Pin19=PB6
Mcu.Pin2=PB8
Mcu.Pin20=PB7
Mcu.Pin21=VP_HSEM_VS_HSEM
Mcu.Pin22=VP_IPCC_VS_IPCC
Mcu.Pin23=VP_RTC_VS_RTC_Activate
Mcu.Pin24=VP_RTC_VS_RTC_WakeUp_intern
Mcu.Pin25=VP_SEQUENCER_VS_SEQUENCER
Mcu.Pin26=VP_STM32_WPAN_VS_BLE_HOST
Mcu.Pin27=VP_SYS_VS_Systick
Mcu.Pin28=VP_TIM2_VS_ClockSourceINT
Mcu.Pin29=VP_TIM16_VS_ClockSourceINT
Mcu.Pin3=PB9
Mcu.Pin30=VP_TINY_LPM_VS_TINY_LPM
Mcu.Pin31=VP_MEMORYMAP_VS_MEMORYMAP
Mcu.Pin4=PA0
Mcu.Pin5=PA1
Mcu.Pin6=PA2
Mcu.Pin7=PA3
Mcu.Pin8=PC4
Mcu.Pin9=RF1
Mcu.PinsNb=32
Mcu.ThirdPartyNb=0
Mcu.UserConstants=
Mcu.UserName=STM32WB55RGVx
MxCube.Version=6.12.1
MxDb.Version=DB.6.0.121
NVIC.BusFault_IRQn=true\:0\:0\:false\:false\:true\:false\:false\:false
NVIC.DMA1_Channel1_IRQn=true\:0\:0\:false\:false\:true\:false\:true\:true
NVIC.DMA1_Channel2_IRQn=true\:0\:0\:false\:false\:true\:false\:true\:true
NVIC.DMA1_Channel3_IRQn=true\:0\:0\:false\:false\:true\:false\:true\:true
NVIC.DMA1_Channel4_IRQn=true\:0\:0\:false\:false\:true\:false\:true\:true
NVIC.DebugMonitor_IRQn=true\:0\:0\:false\:false\:true\:false\:false\:false
NVIC.EXTI15_10_IRQn=true\:0\:0\:false\:false\:true\:true\:true\:true
NVIC.EXTI1_IRQn=true\:0\:0\:false\:false\:true\:true\:true\:true
NVIC.ForceEnableDMAVector=true
NVIC.HSEM_IRQn=true\:0\:0\:false\:false\:true\:false\:true\:true
NVIC.HardFault_IRQn=true\:0\:0\:false\:false\:true\:false\:false\:false
NVIC.I2C1_ER_IRQn=true\:0\:0\:false\:false\:true\:true\:true\:true
NVIC.I2C1_EV_IRQn=true\:0\:0\:false\:false\:true\:true\:true\:true
NVIC.IPCC_C1_RX_IRQn=true\:0\:0\:false\:false\:true\:true\:true\:true
NVIC.IPCC_C1_TX_IRQn=true\:0\:0\:false\:false\:true\:true\:true\:true
NVIC.MemoryManagement_IRQn=true\:0\:0\:false\:false\:true\:false\:false\:false
NVIC.NonMaskableInt_IRQn=true\:0\:0\:false\:false\:true\:false\:false\:false
NVIC.PendSV_IRQn=true\:0\:0\:false\:false\:true\:false\:false\:false
NVIC.PriorityGroup=NVIC_PRIORITYGROUP_4
NVIC.RTC_WKUP_IRQn=true\:0\:0\:false\:false\:true\:true\:true\:true
NVIC.SVCall_IRQn=true\:0\:0\:false\:false\:true\:false\:false\:false
NVIC.SysTick_IRQn=true\:0\:0\:false\:false\:true\:false\:true\:false
NVIC.TIM1_UP_TIM16_IRQn=true\:0\:0\:false\:false\:true\:true\:true\:true
NVIC.USART1_IRQn=true\:0\:0\:false\:false\:true\:true\:true\:true
NVIC.UsageFault_IRQn=true\:0\:0\:false\:false\:true\:false\:false\:false
OSC_IN.GPIOParameters=GPIO_Label
OSC_IN.GPIO_Label=RCC_OSC_IN
OSC_IN.Locked=true
OSC_IN.Mode=HSE-External-Oscillator
OSC_IN.Signal=RCC_OSC_IN
OSC_OUT.GPIOParameters=GPIO_Label
OSC_OUT.GPIO_Label=RCC_OSC_OUT
OSC_OUT.Locked=true
OSC_OUT.Mode=HSE-External-Oscillator
OSC_OUT.Signal=RCC_OSC_OUT
PA0.Signal=S_TIM2_CH1
PA1.Signal=S_TIM2_CH2
PA2.Signal=S_TIM2_CH3
PA3.Signal=S_TIM2_CH4
PB1.GPIOParameters=GPIO_Label
PB1.GPIO_Label=M4_Coder
PB1.Locked=true
PB1.Signal=GPXTI1
PB13.GPIOParameters=GPIO_PuPd,GPIO_Label
PB13.GPIO_Label=M1_Coder
PB13.GPIO_PuPd=GPIO_PULLUP
PB13.Locked=true
PB13.Signal=GPXTI13
PB14.GPIOParameters=GPIO_Label
PB14.GPIO_Label=M2_Coder
PB14.Locked=true
PB14.Signal=GPXTI14
PB15.GPIOParameters=GPIO_Label
PB15.GPIO_Label=M3_Coder
PB15.Locked=true
PB15.Signal=GPXTI15
PB5.GPIOParameters=GPIO_Label
PB5.GPIO_Label=LD1
PB5.Locked=true
PB5.Signal=GPIO_Output
PB6.GPIOParameters=GPIO_Label
PB6.GPIO_Label=STLINK_RX
PB6.Locked=true
PB6.Mode=Asynchronous
PB6.Signal=USART1_TX
PB7.GPIOParameters=GPIO_Label
PB7.GPIO_Label=STLINK_TX
PB7.Locked=true
PB7.Mode=Asynchronous
PB7.Signal=USART1_RX
PB8.GPIOParameters=GPIO_Pu
PB8.GPIO_Pu=GPIO_PULLUP
PB8.Locked=true
PB8.Mode=I2C
PB8.Signal=I2C1_SCL
PB9.GPIOParameters=GPIO_Pu
PB9.GPIO_Pu=GPIO_PULLUP
PB9.Locked=true
PB9.Mode=I2C
PB9.Signal=I2C1_SDA
PC14-OSC32_IN.GPIOParameters=GPIO_Label
PC14-OSC32_IN.GPIO_Label=RCC_OSC32_IN
PC14-OSC32_IN.Locked=true
PC14-OSC32_IN.Mode=LSE-External-Oscillator
PC14-OSC32_IN.Signal=RCC_OSC32_IN
PC15-OSC32_OUT.GPIOParameters=GPIO_Label
PC15-OSC32_OUT.GPIO_Label=RCC_OSC32_OUT
PC15-OSC32_OUT.Locked=true
PC15-OSC32_OUT.Mode=LSE-External-Oscillator
PC15-OSC32_OUT.Signal=RCC_OSC32_OUT
PC4.GPIOParameters=GPIO_Label
PC4.GPIO_Label=B1 [Push Button]
PC4.Locked=true
PC4.Signal=GPIO_Input
PCC.Ble.ConnectionInterval=1000.0
PCC.Ble.DataLength=6
PCC.Ble.IsUsed=false
PCC.Ble.Mode=NOT_SELECTED
PCC.Ble.PowerLevel=Min
PCC.Zigbee.IsUsed=false
PCC.Zigbee.Mode=Sleepy End Device
PCC.Zigbee.Payload=15
PCC.Zigbee.PoolPeriodicity=480.0
PCC.Zigbee.PowerLevel=Min
PCC.Zigbee.RequestPeriodicity=1500.0
PD0.GPIOParameters=GPIO_Label
PD0.GPIO_Label=B2 [Push Button]
PD0.Locked=true
PD0.Signal=GPIO_Input
PD1.GPIOParameters=GPIO_Label
PD1.GPIO_Label=B3 [Push Button]
PD1.Locked=true
PD1.Signal=GPIO_Input
PinOutPanel.RotationAngle=0
ProjectManager.AskForMigrate=true
ProjectManager.BackupPrevious=false
ProjectManager.CompilerOptimize=6
ProjectManager.ComputerToolchain=false
ProjectManager.CoupleFile=false
ProjectManager.CustomerFirmwarePackage=
ProjectManager.DefaultFWLocation=true
ProjectManager.DeletePrevious=true
ProjectManager.DeviceId=STM32WB55RGVx
ProjectManager.FirmwarePackage=STM32Cube FW_WB V1.20.0
ProjectManager.FreePins=false
ProjectManager.HalAssertFull=false
ProjectManager.HeapSize=0x200
ProjectManager.KeepUserCode=true
ProjectManager.LastFirmware=true
ProjectManager.LibraryCopy=1
ProjectManager.MainLocation=Core/Src
ProjectManager.NoMain=false
ProjectManager.PreviousToolchain=
ProjectManager.ProjectBuild=false
ProjectManager.ProjectFileName=MasterProject_BLE.ioc
ProjectManager.ProjectName=MasterProject_BLE
ProjectManager.ProjectStructure=
ProjectManager.RegisterCallBack=
ProjectManager.StackSize=0x400
ProjectManager.TargetToolchain=STM32CubeIDE
ProjectManager.ToolChainLocation=
ProjectManager.UAScriptAfterPath=
ProjectManager.UAScriptBeforePath=
ProjectManager.UnderRoot=true
ProjectManager.functionlistsort=1-SystemClock_Config-RCC-false-HAL-false,2-MX_GPIO_Init-GPIO-false-HAL-true,3-MX_DMA_Init-DMA-false-HAL-true,4-MX_IPCC_Init-IPCC-false-HAL-true,5-MX_RTC_Init-RTC-false-HAL-true,6-MX_USART1_UART_Init-USART1-true-HAL-false,7-APPE_Init-STM32_WPAN-false-HAL-false,8-MX_I2C1_Init-I2C1-false-HAL-true,9-MX_TIM2_Init-TIM2-false-HAL-true,10-MX_TIM16_Init-TIM16-false-HAL-true,0-MX_HSEM_Init-HSEM-false-HAL-true,0-MX_RF_Init-RF-false-HAL-true
RCC.ADCFreq_Value=128000000
RCC.AHBFreq_Value=32000000
RCC.APB1Freq_Value=32000000
RCC.APB1TimFreq_Value=32000000
RCC.APB2Freq_Value=32000000
RCC.APB2TimFreq_Value=32000000
RCC.APB3Freq_Value=16000000
RCC.Cortex2Freq_Value=32000000
RCC.CortexFreq_Value=32000000
RCC.FCLK2Freq_Value=32000000
RCC.FCLKCortexFreq_Value=32000000
RCC.FamilyName=M
RCC.HCLK2Freq_Value=32000000
RCC.HCLK3Freq_Value=32000000
RCC.HCLKFreq_Value=32000000
RCC.HCLKRFFreq_Value=16000000
RCC.HSE_VALUE=32000000
RCC.HSI48_VALUE=48000000
RCC.HSI_VALUE=16000000
RCC.I2C1Freq_Value=32000000
RCC.I2C3Freq_Value=32000000
RCC.IPParameters=ADCFreq_Value,AHBFreq_Value,APB1Freq_Value,APB1TimFreq_Value,APB2Freq_Value,APB2TimFreq_Value,APB3Freq_Value,Cortex2Freq_Value,CortexFreq_Value,FCLK2Freq_Value,FCLKCortexFreq_Value,FamilyName,HCLK2Freq_Value,HCLK3Freq_Value,HCLKFreq_Value,HCLKRFFreq_Value,HSE_VALUE,HSI48_VALUE,HSI_VALUE,I2C1Freq_Value,I2C3Freq_Value,LCDFreq_Value,LPTIM1Freq_Value,LPTIM2Freq_Value,LPUART1Freq_Value,LSCOPinFreq_Value,LSI_VALUE,MCO1PinFreq_Value,MSIClockRange,PLLPoutputFreq_Value,PLLQoutputFreq_Value,PLLRCLKFreq_Value,PLLSAI1PoutputFreq_Value,PLLSAI1QoutputFreq_Value,PLLSAI1RoutputFreq_Value,PWRFreq_Value,RFWKPClockSelection,RFWKPFreq_Value,RNGFreq_Value,RTCClockSelection,RTCFreq_Value,SAI1Freq_Value,SMPS1Freq_Value,SMPSCLockSelection,SMPSCLockSelectionVirtual,SMPSCLockSelectionVirtualVirtual,SMPSDivider,SYSCLKFreq_VALUE,USART1Freq_Value,USBFreq_Value,VCOInputFreq_Value,VCOOutputFreq_Value,VCOSAI1OutputFreq_Value
RCC.LCDFreq_Value=32768
RCC.LPTIM1Freq_Value=32000000
RCC.LPTIM2Freq_Value=32000000
RCC.LPUART1Freq_Value=32000000
RCC.LSCOPinFreq_Value=32000
RCC.LSI_VALUE=32000
RCC.MCO1PinFreq_Value=32000000
RCC.MSIClockRange=RCC_MSIRANGE_10
RCC.PLLPoutputFreq_Value=128000000
RCC.PLLQoutputFreq_Value=128000000
RCC.PLLRCLKFreq_Value=128000000
RCC.PLLSAI1PoutputFreq_Value=128000000
RCC.PLLSAI1QoutputFreq_Value=128000000
RCC.PLLSAI1RoutputFreq_Value=128000000
RCC.PWRFreq_Value=32000000
RCC.RFWKPClockSelection=RCC_RFWKPCLKSOURCE_LSE
RCC.RFWKPFreq_Value=32768
RCC.RNGFreq_Value=32000
RCC.RTCClockSelection=RCC_RTCCLKSOURCE_LSE
RCC.RTCFreq_Value=32768
RCC.SAI1Freq_Value=128000000
RCC.SMPS1Freq_Value=16000000
RCC.SMPSCLockSelection=RCC_SMPSCLKSOURCE_HSI
RCC.SMPSCLockSelectionVirtual=RCC_SMPSCLKSOURCE_HSI
RCC.SMPSCLockSelectionVirtualVirtual=RCC_SMPSCLKSOURCE_HSI
RCC.SMPSDivider=1
RCC.SYSCLKFreq_VALUE=32000000
RCC.USART1Freq_Value=32000000
RCC.USBFreq_Value=128000000
RCC.VCOInputFreq_Value=32000000
RCC.VCOOutputFreq_Value=256000000
RCC.VCOSAI1OutputFreq_Value=256000000
RF1.Mode=RF1_Activate
RF1.Signal=RF_RF1
SH.GPXTI1.0=GPIO_EXTI1
SH.GPXTI1.ConfNb=1
SH.GPXTI13.0=GPIO_EXTI13
SH.GPXTI13.ConfNb=1
SH.GPXTI14.0=GPIO_EXTI14
SH.GPXTI14.ConfNb=1
SH.GPXTI15.0=GPIO_EXTI15
SH.GPXTI15.ConfNb=1
SH.S_TIM2_CH1.0=TIM2_CH1,PWM Generation1 CH1
SH.S_TIM2_CH1.ConfNb=1
SH.S_TIM2_CH2.0=TIM2_CH2,PWM Generation2 CH2
SH.S_TIM2_CH2.ConfNb=1
SH.S_TIM2_CH3.0=TIM2_CH3,PWM Generation3 CH3
SH.S_TIM2_CH3.ConfNb=1
SH.S_TIM2_CH4.0=TIM2_CH4,PWM Generation4 CH4
SH.S_TIM2_CH4.ConfNb=1
STM32_WPAN.AD_TYPE_COMPLETE_LOCAL_NAME=Mobile_Robot
STM32_WPAN.AD_TYPE_COMPLETE_LOCAL_NAME_LENGTH=13
STM32_WPAN.CFG_DEBUGGER_SUPPORTED=1
STM32_WPAN.CFG_DEBUG_APP_TRACE=0
STM32_WPAN.CFG_DEBUG_BLE_TRACE=1
STM32_WPAN.CFG_DEBUG_TRACE_FULL=0
STM32_WPAN.CFG_DEBUG_TRACE_LIGHT=1
STM32_WPAN.CFG_DEBUG_TRACE_UART=hw_uart1
STM32_WPAN.CFG_HW_USART1_ENABLED=1
STM32_WPAN.CFG_LSCLK_LSE=0
STM32_WPAN.CUSTOM_P2P_SERVER=Disabled
STM32_WPAN.CUSTOM_TEMPLATE=Enabled
STM32_WPAN.DBG_TRACE_USE_CIRCULAR_QUEUE=0
STM32_WPAN.INCLUDE_AD_TYPE_COMPLETE_LOCAL_NAME=1
STM32_WPAN.IPParameters=CUSTOM_P2P_SERVER,CUSTOM_TEMPLATE,CFG_HW_USART1_ENABLED,CFG_DEBUG_TRACE_UART,CFG_DEBUG_APP_TRACE,INCLUDE_AD_TYPE_COMPLETE_LOCAL_NAME,AD_TYPE_COMPLETE_LOCAL_NAME,AD_TYPE_COMPLETE_LOCAL_NAME_LENGTH,NUMBER_OF_SERVICES,SERVICE1_LONG_NAME,SERVICE1_SHORT_NAME,SERVICE1_CHAR1_LONG_NAME,SERVICE1_CHAR1_SHORT_NAME,SERVICE1_CHAR1_PROP_READ,SERVICE1_CHAR1_GATT_NOTIFY_ATTRIBUTE_WRITE,SERVICE1_CHAR1_GATT_NOTIFY_WRITE_REQ_AND_WAIT_FOR_APPL_RESP,SERVICE1_CHAR1_GATT_NOTIFY_READ_REQ_AND_WAIT_FOR_APPL_RESP,CFG_LSCLK_LSE,CFG_DEBUG_BLE_TRACE,CFG_DEBUG_TRACE_FULL,SERVICE1_CHAR1_ATTR_PERMISSION_AUTHEN_READ,SERVICE1_CHAR1_ATTR_PERMISSION_AUTHOR_READ,SERVICE1_CHAR1_ATTR_PERMISSION_AUTHEN_WRITE,SERVICE1_CHAR1_ATTR_PERMISSION_AUTHOR_WRITE,SERVICE1_CHAR1_GATT_NOTIFY_NOTIFICATION_COMPLETION,SERVICE1_CHAR1_PROP_WRITE,SERVICE2_LONG_NAME,SERVICE2_SHORT_NAME,SERVICE2_CHAR1_LONG_NAME,SERVICE2_CHAR1_SHORT_NAME,SERVICE2_CHAR1_ATTR_PERMISSION_AUTHEN_READ,SERVICE2_CHAR1_ATTR_PERMISSION_AUTHOR_READ,SERVICE2_CHAR1_ATTR_PERMISSION_AUTHEN_WRITE,SERVICE2_CHAR1_ATTR_PERMISSION_AUTHOR_WRITE,SERVICE2_CHAR1_GATT_NOTIFY_NOTIFICATION_COMPLETION,SERVICE2_CHAR1_GATT_NOTIFY_READ_REQ_AND_WAIT_FOR_APPL_RESP,SERVICE2_CHAR1_GATT_NOTIFY_WRITE_REQ_AND_WAIT_FOR_APPL_RESP,SERVICE2_CHAR1_GATT_NOTIFY_ATTRIBUTE_WRITE,SERVICE1_CHAR1_LENGTH_CHARACTERISTIC,SERVICE1_CHAR1_VALUE_LENGTH,DBG_TRACE_USE_CIRCULAR_QUEUE,CFG_DEBUGGER_SUPPORTED,CFG_DEBUG_TRACE_LIGHT
STM32_WPAN.NUMBER_OF_SERVICES=1
STM32_WPAN.SERVICE1_CHAR1_ATTR_PERMISSION_AUTHEN_READ=\ 
STM32_WPAN.SERVICE1_CHAR1_ATTR_PERMISSION_AUTHEN_WRITE=\ 
STM32_WPAN.SERVICE1_CHAR1_ATTR_PERMISSION_AUTHOR_READ=\ 
STM32_WPAN.SERVICE1_CHAR1_ATTR_PERMISSION_AUTHOR_WRITE=\ 
STM32_WPAN.SERVICE1_CHAR1_GATT_NOTIFY_ATTRIBUTE_WRITE=GATT_NOTIFY_ATTRIBUTE_WRITE
STM32_WPAN.SERVICE1_CHAR1_GATT_NOTIFY_NOTIFICATION_COMPLETION=\ 
STM32_WPAN.SERVICE1_CHAR1_GATT_NOTIFY_READ_REQ_AND_WAIT_FOR_APPL_RESP=\ 
STM32_WPAN.SERVICE1_CHAR1_GATT_NOTIFY_WRITE_REQ_AND_WAIT_FOR_APPL_RESP=\ 
STM32_WPAN.SERVICE1_CHAR1_LENGTH_CHARACTERISTIC=CHAR_VALUE_LEN_VARIABLE
STM32_WPAN.SERVICE1_CHAR1_LONG_NAME=MY_CHAR
STM32_WPAN.SERVICE1_CHAR1_PROP_READ=CHAR_PROP_READ
STM32_WPAN.SERVICE1_CHAR1_PROP_WRITE=CHAR_PROP_WRITE
STM32_WPAN.SERVICE1_CHAR1_SHORT_NAME=MY_CHAR
STM32_WPAN.SERVICE1_CHAR1_VALUE_LENGTH=512
STM32_WPAN.SERVICE1_LONG_NAME=MY_CUSTOM_SVC
STM32_WPAN.SERVICE1_SHORT_NAME=MY_CUSTOM_SVC
STM32_WPAN.SERVICE2_CHAR1_ATTR_PERMISSION_AUTHEN_READ=\ 
STM32_WPAN.SERVICE2_CHAR1_ATTR_PERMISSION_AUTHEN_WRITE=\ 
STM32_WPAN.SERVICE2_CHAR1_ATTR_PERMISSION_AUTHOR_READ=\ 
STM32_WPAN.SERVICE2_CHAR1_ATTR_PERMISSION_AUTHOR_WRITE=\ 
STM32_WPAN.SERVICE2_CHAR1_GATT_NOTIFY_ATTRIBUTE_WRITE=\ 
STM32_WPAN.SERVICE2_CHAR1_GATT_NOTIFY_NOTIFICATION_COMPLETION=\ 
STM32_WPAN.SERVICE2_CHAR1_GATT_NOTIFY_READ_REQ_AND_WAIT_FOR_APPL_RESP=\ 
STM32_WPAN.SERVICE2_CHAR1_GATT_NOTIFY_WRITE_REQ_AND_WAIT_FOR_APPL_RESP=\ 
STM32_WPAN.SERVICE2_CHAR1_LONG_NAME=MY_CHAR_2
STM32_WPAN.SERVICE2_CHAR1_SHORT_NAME=MY_CHAR_2
STM32_WPAN.SERVICE2_LONG_NAME=MY_CUSTOM_SVC_2
STM32_WPAN.SERVICE2_SHORT_NAME=MY_CUSTOM_SVC_2
TIM16.IPParameters=Prescaler,Period
TIM16.Period=9999
TIM16.Prescaler=31
TIM2.Channel-PWM\ Generation1\ CH1=TIM_CHANNEL_1
TIM2.Channel-PWM\ Generation2\ CH2=TIM_CHANNEL_2
TIM2.Channel-PWM\ Generation3\ CH3=TIM_CHANNEL_3
TIM2.Channel-PWM\ Generation4\ CH4=TIM_CHANNEL_4
TIM2.IPParameters=Prescaler,Period,Channel-PWM Generation1 CH1,Channel-PWM Generation2 CH2,Channel-PWM Generation3 CH3,Channel-PWM Generation4 CH4
TIM2.Period=99
TIM2.Prescaler=31
USART1.IPParameters=VirtualMode-Asynchronous
USART1.VirtualMode-Asynchronous=VM_ASYNC
VP_HSEM_VS_HSEM.Mode=HSEM_Activate
VP_HSEM_VS_HSEM.Signal=HSEM_VS_HSEM
VP_IPCC_VS_IPCC.Mode=IPCC_Activate
VP_IPCC_VS_IPCC.Signal=IPCC_VS_IPCC
VP_MEMORYMAP_VS_MEMORYMAP.Mode=CurAppReg
VP_MEMORYMAP_VS_MEMORYMAP.Signal=MEMORYMAP_VS_MEMORYMAP
VP_RTC_VS_RTC_Activate.Mode=RTC_Enabled
VP_RTC_VS_RTC_Activate.Signal=RTC_VS_RTC_Activate
VP_RTC_VS_RTC_WakeUp_intern.Mode=WakeUp
VP_RTC_VS_RTC_WakeUp_intern.Signal=RTC_VS_RTC_WakeUp_intern
VP_SEQUENCER_VS_SEQUENCER.Mode=SEQUENCER_Enabled
VP_SEQUENCER_VS_SEQUENCER.Signal=SEQUENCER_VS_SEQUENCER
VP_STM32_WPAN_VS_BLE_HOST.Mode=STM32_WPAN_Enabled
VP_STM32_WPAN_VS_BLE_HOST.Signal=STM32_WPAN_VS_BLE_HOST
VP_SYS_VS_Systick.Mode=SysTick
VP_SYS_VS_Systick.Signal=SYS_VS_Systick
VP_TIM16_VS_ClockSourceINT.Mode=Enable_Timer
VP_TIM16_VS_ClockSourceINT.Signal=TIM16_VS_ClockSourceINT
VP_TIM2_VS_ClockSourceINT.Mode=Internal
VP_TIM2_VS_ClockSourceINT.Signal=TIM2_VS_ClockSourceINT
VP_TINY_LPM_VS_TINY_LPM.Mode=TINY_LPM_Enabled
VP_TINY_LPM_VS_TINY_LPM.Signal=TINY_LPM_VS_TINY_LPM
board=NUCLEO-WB55RG
boardIOC=true
isbadioc=false
